
Microsoft Visual Studio Solution File, Format Version 12.00
# Visual Studio 15
VisualStudioVersion = 15.0.28307.438
MinimumVisualStudioVersion = 10.0.40219.1
Project("{FAE04EC0-301F-11D3-BF4B-00C04F79EFBC}") = "TDD-.NetCore", "TDD-.NetCore\TDD-.NetCore.csproj", "{0572F2E3-86CD-47CD-88B4-9D49C6280D4B}"
EndProject
Project("{FAE04EC0-301F-11D3-BF4B-00C04F79EFBC}") = "App.Services.Test", "App.Services.Test\App.Services.Test.csproj", "{2D2EFCB6-14C9-4507-9770-678B38A8016F}"
EndProject
Project("{FAE04EC0-301F-11D3-BF4B-00C04F79EFBC}") = "App.Services", "App.Services\App.Services.csproj", "{8975C1EF-DDC9-4F94-B240-F87CA1868D2D}"
EndProject
Global
	GlobalSection(SolutionConfigurationPlatforms) = preSolution
		Debug|Any CPU = Debug|Any CPU
		Release|Any CPU = Release|Any CPU
	EndGlobalSection
	GlobalSection(ProjectConfigurationPlatforms) = postSolution
		{0572F2E3-86CD-47CD-88B4-9D49C6280D4B}.Debug|Any CPU.ActiveCfg = Debug|Any CPU
		{0572F2E3-86CD-47CD-88B4-9D49C6280D4B}.Debug|Any CPU.Build.0 = Debug|Any CPU
		{0572F2E3-86CD-47CD-88B4-9D49C6280D4B}.Release|Any CPU.ActiveCfg = Release|Any CPU
		{0572F2E3-86CD-47CD-88B4-9D49C6280D4B}.Release|Any CPU.Build.0 = Release|Any CPU
		{2D2EFCB6-14C9-4507-9770-678B38A8016F}.Debug|Any CPU.ActiveCfg = Debug|Any CPU
		{2D2EFCB6-14C9-4507-9770-678B38A8016F}.Debug|Any CPU.Build.0 = Debug|Any CPU
		{2D2EFCB6-14C9-4507-9770-678B38A8016F}.Release|Any CPU.ActiveCfg = Release|Any CPU
		{2D2EFCB6-14C9-4507-9770-678B38A8016F}.Release|Any CPU.Build.0 = Release|Any CPU
		{8975C1EF-DDC9-4F94-B240-F87CA1868D2D}.Debug|Any CPU.ActiveCfg = Debug|Any CPU
		{8975C1EF-DDC9-4F94-B240-F87CA1868D2D}.Debug|Any CPU.Build.0 = Debug|Any CPU
		{8975C1EF-DDC9-4F94-B240-F87CA1868D2D}.Release|Any CPU.ActiveCfg = Release|Any CPU
		{8975C1EF-DDC9-4F94-B240-F87CA1868D2D}.Release|Any CPU.Build.0 = Release|Any CPU
	EndGlobalSection
	GlobalSection(SolutionProperties) = preSolution
		HideSolutionNode = FALSE
	EndGlobalSection
	GlobalSection(ExtensibilityGlobals) = postSolution
		SolutionGuid = {46B101FC-C63E-40E0-ABE4-7B5C7EBF6A57}
	EndGlobalSection
EndGlobal
